// !$*UTF8*$!
{
	archiveVersion = 1;
	classes = {
	};
	objectVersion = 56;
	objects = {

/* Begin PBXBuildFile section */
		1C2936892A4075B20043C632 /* MyWidgetApp.swift in Sources */ = {isa = PBXBuildFile; fileRef = 1C2936882A4075B20043C632 /* MyWidgetApp.swift */; };
		1C29368B2A4075B20043C632 /* ContentView.swift in Sources */ = {isa = PBXBuildFile; fileRef = 1C29368A2A4075B20043C632 /* ContentView.swift */; };
		1C29368D2A4075B30043C632 /* Assets.xcassets in Resources */ = {isa = PBXBuildFile; fileRef = 1C29368C2A4075B30043C632 /* Assets.xcassets */; };
		1C2936902A4075B30043C632 /* Preview Assets.xcassets in Resources */ = {isa = PBXBuildFile; fileRef = 1C29368F2A4075B30043C632 /* Preview Assets.xcassets */; };
		1C29369D2A4077D20043C632 /* WidgetKit.framework in Frameworks */ = {isa = PBXBuildFile; fileRef = 1C29369C2A4077D20043C632 /* WidgetKit.framework */; };
		1C29369F2A4077D20043C632 /* SwiftUI.framework in Frameworks */ = {isa = PBXBuildFile; fileRef = 1C29369E2A4077D20043C632 /* SwiftUI.framework */; };
		1C2936A22A4077D20043C632 /* PhotoWidgetBundle.swift in Sources */ = {isa = PBXBuildFile; fileRef = 1C2936A12A4077D20043C632 /* PhotoWidgetBundle.swift */; };
		1C2936A62A4077D30043C632 /* Assets.xcassets in Resources */ = {isa = PBXBuildFile; fileRef = 1C2936A52A4077D30043C632 /* Assets.xcassets */; };
		1C2936AA2A4077D30043C632 /* PhotoWidgetExtension.appex in Embed Foundation Extensions */ = {isa = PBXBuildFile; fileRef = 1C29369A2A4077D20043C632 /* PhotoWidgetExtension.appex */; settings = {ATTRIBUTES = (RemoveHeadersOnCopy, ); }; };
		1C2936B32A417EA40043C632 /* PhotoWidget.swift in Sources */ = {isa = PBXBuildFile; fileRef = 1C2936A32A4077D20043C632 /* PhotoWidget.swift */; };
		1C2936B52A4188DC0043C632 /* PhotoWidgetView.swift in Sources */ = {isa = PBXBuildFile; fileRef = 1C2936B42A4188DC0043C632 /* PhotoWidgetView.swift */; };
/* End PBXBuildFile section */

/* Begin PBXContainerItemProxy section */
		1C2936A82A4077D30043C632 /* PBXContainerItemProxy */ = {
			isa = PBXContainerItemProxy;
			containerPortal = 1C29367D2A4075B20043C632 /* Project object */;
			proxyType = 1;
			remoteGlobalIDString = 1C2936992A4077D20043C632;
			remoteInfo = PhotoWidgetExtension;
		};
/* End PBXContainerItemProxy section */

/* Begin PBXCopyFilesBuildPhase section */
		1C2936AE2A4077D30043C632 /* Embed Foundation Extensions */ = {
			isa = PBXCopyFilesBuildPhase;
			buildActionMask = 2147483647;
			dstPath = "";
			dstSubfolderSpec = 13;
			files = (
				1C2936AA2A4077D30043C632 /* PhotoWidgetExtension.appex in Embed Foundation Extensions */,
			);
			name = "Embed Foundation Extensions";
			runOnlyForDeploymentPostprocessing = 0;
		};
/* End PBXCopyFilesBuildPhase section */

/* Begin PBXFileReference section */
		1C2936852A4075B20043C632 /* MyWidget.app */ = {isa = PBXFileReference; explicitFileType = wrapper.application; includeInIndex = 0; path = MyWidget.app; sourceTree = BUILT_PRODUCTS_DIR; };
		1C2936882A4075B20043C632 /* MyWidgetApp.swift */ = {isa = PBXFileReference; lastKnownFileType = sourcecode.swift; path = MyWidgetApp.swift; sourceTree = "<group>"; };
		1C29368A2A4075B20043C632 /* ContentView.swift */ = {isa = PBXFileReference; lastKnownFileType = sourcecode.swift; path = ContentView.swift; sourceTree = "<group>"; };
		1C29368C2A4075B30043C632 /* Assets.xcassets */ = {isa = PBXFileReference; lastKnownFileType = folder.assetcatalog; path = Assets.xcassets; sourceTree = "<group>"; };
		1C29368F2A4075B30043C632 /* Preview Assets.xcassets */ = {isa = PBXFileReference; lastKnownFileType = folder.assetcatalog; path = "Preview Assets.xcassets"; sourceTree = "<group>"; };
		1C29369A2A4077D20043C632 /* PhotoWidgetExtension.appex */ = {isa = PBXFileReference; explicitFileType = "wrapper.app-extension"; includeInIndex = 0; path = PhotoWidgetExtension.appex; sourceTree = BUILT_PRODUCTS_DIR; };
		1C29369C2A4077D20043C632 /* WidgetKit.framework */ = {isa = PBXFileReference; lastKnownFileType = wrapper.framework; name = WidgetKit.framework; path = System/Library/Frameworks/WidgetKit.framework; sourceTree = SDKROOT; };
		1C29369E2A4077D20043C632 /* SwiftUI.framework */ = {isa = PBXFileReference; lastKnownFileType = wrapper.framework; name = SwiftUI.framework; path = System/Library/Frameworks/SwiftUI.framework; sourceTree = SDKROOT; };
		1C2936A12A4077D20043C632 /* PhotoWidgetBundle.swift */ = {isa = PBXFileReference; lastKnownFileType = sourcecode.swift; path = PhotoWidgetBundle.swift; sourceTree = "<group>"; };
		1C2936A32A4077D20043C632 /* PhotoWidget.swift */ = {isa = PBXFileReference; lastKnownFileType = sourcecode.swift; path = PhotoWidget.swift; sourceTree = "<group>"; };
		1C2936A52A4077D30043C632 /* Assets.xcassets */ = {isa = PBXFileReference; lastKnownFileType = folder.assetcatalog; path = Assets.xcassets; sourceTree = "<group>"; };
		1C2936A72A4077D30043C632 /* Info.plist */ = {isa = PBXFileReference; lastKnownFileType = text.plist.xml; path = Info.plist; sourceTree = "<group>"; };
		1C2936B42A4188DC0043C632 /* PhotoWidgetView.swift */ = {isa = PBXFileReference; lastKnownFileType = sourcecode.swift; path = PhotoWidgetView.swift; sourceTree = "<group>"; };
/* End PBXFileReference section */

/* Begin PBXFrameworksBuildPhase section */
		1C2936822A4075B20043C632 /* Frameworks */ = {
			isa = PBXFrameworksBuildPhase;
			buildActionMask = 2147483647;
			files = (
			);
			runOnlyForDeploymentPostprocessing = 0;
		};
		1C2936972A4077D20043C632 /* Frameworks */ = {
			isa = PBXFrameworksBuildPhase;
			buildActionMask = 2147483647;
			files = (
				1C29369F2A4077D20043C632 /* SwiftUI.framework in Frameworks */,
				1C29369D2A4077D20043C632 /* WidgetKit.framework in Frameworks */,
			);
			runOnlyForDeploymentPostprocessing = 0;
		};
/* End PBXFrameworksBuildPhase section */

/* Begin PBXGroup section */
		1C29367C2A4075B20043C632 = {
			isa = PBXGroup;
			children = (
				1C2936872A4075B20043C632 /* MyWidget */,
				1C2936A02A4077D20043C632 /* PhotoWidget */,
				1C29369B2A4077D20043C632 /* Frameworks */,
				1C2936862A4075B20043C632 /* Products */,
			);
			sourceTree = "<group>";
		};
		1C2936862A4075B20043C632 /* Products */ = {
			isa = PBXGroup;
			children = (
				1C2936852A4075B20043C632 /* MyWidget.app */,
				1C29369A2A4077D20043C632 /* PhotoWidgetExtension.appex */,
			);
			name = Products;
			sourceTree = "<group>";
		};
		1C2936872A4075B20043C632 /* MyWidget */ = {
			isa = PBXGroup;
			children = (
				1C2936882A4075B20043C632 /* MyWidgetApp.swift */,
				1C29368A2A4075B20043C632 /* ContentView.swift */,
				1C29368C2A4075B30043C632 /* Assets.xcassets */,
				1C29368E2A4075B30043C632 /* Preview Content */,
			);
			path = MyWidget;
			sourceTree = "<group>";
		};
		1C29368E2A4075B30043C632 /* Preview Content */ = {
			isa = PBXGroup;
			children = (
				1C29368F2A4075B30043C632 /* Preview Assets.xcassets */,
			);
			path = "Preview Content";
			sourceTree = "<group>";
		};
		1C29369B2A4077D20043C632 /* Frameworks */ = {
			isa = PBXGroup;
			children = (
				1C29369C2A4077D20043C632 /* WidgetKit.framework */,
				1C29369E2A4077D20043C632 /* SwiftUI.framework */,
			);
			name = Frameworks;
			sourceTree = "<group>";
		};
		1C2936A02A4077D20043C632 /* PhotoWidget */ = {
			isa = PBXGroup;
			children = (
				1C2936A12A4077D20043C632 /* PhotoWidgetBundle.swift */,
				1C2936B42A4188DC0043C632 /* PhotoWidgetView.swift */,
				1C2936A32A4077D20043C632 /* PhotoWidget.swift */,
				1C2936A52A4077D30043C632 /* Assets.xcassets */,
				1C2936A72A4077D30043C632 /* Info.plist */,
			);
			path = PhotoWidget;
			sourceTree = "<group>";
		};
/* End PBXGroup section */

/* Begin PBXNativeTarget section */
		1C2936842A4075B20043C632 /* MyWidget */ = {
			isa = PBXNativeTarget;
			buildConfigurationList = 1C2936932A4075B30043C632 /* Build configuration list for PBXNativeTarget "MyWidget" */;
			buildPhases = (
				1C2936812A4075B20043C632 /* Sources */,
				1C2936822A4075B20043C632 /* Frameworks */,
				1C2936832A4075B20043C632 /* Resources */,
				1C2936AE2A4077D30043C632 /* Embed Foundation Extensions */,
			);
			buildRules = (
			);
			dependencies = (
				1C2936A92A4077D30043C632 /* PBXTargetDependency */,
			);
			name = MyWidget;
			productName = MyWidget;
			productReference = 1C2936852A4075B20043C632 /* MyWidget.app */;
			productType = "com.apple.product-type.application";
		};
		1C2936992A4077D20043C632 /* PhotoWidgetExtension */ = {
			isa = PBXNativeTarget;
			buildConfigurationList = 1C2936AB2A4077D30043C632 /* Build configuration list for PBXNativeTarget "PhotoWidgetExtension" */;
			buildPhases = (
				1C2936962A4077D20043C632 /* Sources */,
				1C2936972A4077D20043C632 /* Frameworks */,
				1C2936982A4077D20043C632 /* Resources */,
			);
			buildRules = (
			);
			dependencies = (
			);
			name = PhotoWidgetExtension;
			productName = PhotoWidgetExtension;
			productReference = 1C29369A2A4077D20043C632 /* PhotoWidgetExtension.appex */;
			productType = "com.apple.product-type.app-extension";
		};
/* End PBXNativeTarget section */

/* Begin PBXProject section */
		1C29367D2A4075B20043C632 /* Project object */ = {
			isa = PBXProject;
			attributes = {
				BuildIndependentTargetsInParallel = 1;
				LastSwiftUpdateCheck = 1430;
				LastUpgradeCheck = 1430;
				TargetAttributes = {
					1C2936842A4075B20043C632 = {
						CreatedOnToolsVersion = 14.3;
					};
					1C2936992A4077D20043C632 = {
						CreatedOnToolsVersion = 14.3;
					};
				};
			};
			buildConfigurationList = 1C2936802A4075B20043C632 /* Build configuration list for PBXProject "MyWidget" */;
			compatibilityVersion = "Xcode 14.0";
			developmentRegion = en;
			hasScannedForEncodings = 0;
			knownRegions = (
				en,
				Base,
			);
			mainGroup = 1C29367C2A4075B20043C632;
			productRefGroup = 1C2936862A4075B20043C632 /* Products */;
			projectDirPath = "";
			projectRoot = "";
			targets = (
				1C2936842A4075B20043C632 /* MyWidget */,
				1C2936992A4077D20043C632 /* PhotoWidgetExtension */,
			);
		};
/* End PBXProject section */

/* Begin PBXResourcesBuildPhase section */
		1C2936832A4075B20043C632 /* Resources */ = {
			isa = PBXResourcesBuildPhase;
			buildActionMask = 2147483647;
			files = (
				1C2936902A4075B30043C632 /* Preview Assets.xcassets in Resources */,
				1C29368D2A4075B30043C632 /* Assets.xcassets in Resources */,
			);
			runOnlyForDeploymentPostprocessing = 0;
		};
		1C2936982A4077D20043C632 /* Resources */ = {
			isa = PBXResourcesBuildPhase;
			buildActionMask = 2147483647;
			files = (
				1C2936A62A4077D30043C632 /* Assets.xcassets in Resources */,
			);
			runOnlyForDeploymentPostprocessing = 0;
		};
/* End PBXResourcesBuildPhase section */

/* Begin PBXSourcesBuildPhase section */
		1C2936812A4075B20043C632 /* Sources */ = {
			isa = PBXSourcesBuildPhase;
			buildActionMask = 2147483647;
			files = (
				1C29368B2A4075B20043C632 /* ContentView.swift in Sources */,
				1C2936892A4075B20043C632 /* MyWidgetApp.swift in Sources */,
			);
			runOnlyForDeploymentPostprocessing = 0;
		};
		1C2936962A4077D20043C632 /* Sources */ = {
			isa = PBXSourcesBuildPhase;
			buildActionMask = 2147483647;
			files = (
				1C2936B32A417EA40043C632 /* PhotoWidget.swift in Sources */,
				1C2936B52A4188DC0043C632 /* PhotoWidgetView.swift in Sources */,
				1C2936A22A4077D20043C632 /* PhotoWidgetBundle.swift in Sources */,
			);
			runOnlyForDeploymentPostprocessing = 0;
		};
/* End PBXSourcesBuildPhase section */

/* Begin PBXTargetDependency section */
		1C2936A92A4077D30043C632 /* PBXTargetDependency */ = {
			isa = PBXTargetDependency;
			target = 1C2936992A4077D20043C632 /* PhotoWidgetExtension */;
			targetProxy = 1C2936A82A4077D30043C632 /* PBXContainerItemProxy */;
		};
/* End PBXTargetDependency section */

/* Begin XCBuildConfiguration section */
		1C2936912A4075B30043C632 /* Debug */ = {
			isa = XCBuildConfiguration;
			buildSettings = {
				ALWAYS_SEARCH_USER_PATHS = NO;
				CLANG_ANALYZER_NONNULL = YES;
				CLANG_ANALYZER_NUMBER_OBJECT_CONVERSION = YES_AGGRESSIVE;
				CLANG_CXX_LANGUAGE_STANDARD = "gnu++20";
				CLANG_ENABLE_MODULES = YES;
				CLANG_ENABLE_OBJC_ARC = YES;
				CLANG_ENABLE_OBJC_WEAK = YES;
				CLANG_WARN_BLOCK_CAPTURE_AUTORELEASING = YES;
				CLANG_WARN_BOOL_CONVERSION = YES;
				CLANG_WARN_COMMA = YES;
				CLANG_WARN_CONSTANT_CONVERSION = YES;
				CLANG_WARN_DEPRECATED_OBJC_IMPLEMENTATIONS = YES;
				CLANG_WARN_DIRECT_OBJC_ISA_USAGE = YES_ERROR;
				CLANG_WARN_DOCUMENTATION_COMMENTS = YES;
				CLANG_WARN_EMPTY_BODY = YES;
				CLANG_WARN_ENUM_CONVERSION = YES;
				CLANG_WARN_INFINITE_RECURSION = YES;
				CLANG_WARN_INT_CONVERSION = YES;
				CLANG_WARN_NON_LITERAL_NULL_CONVERSION = YES;
				CLANG_WARN_OBJC_IMPLICIT_RETAIN_SELF = YES;
				CLANG_WARN_OBJC_LITERAL_CONVERSION = YES;
				CLANG_WARN_OBJC_ROOT_CLASS = YES_ERROR;
				CLANG_WARN_QUOTED_INCLUDE_IN_FRAMEWORK_HEADER = YES;
				CLANG_WARN_RANGE_LOOP_ANALYSIS = YES;
				CLANG_WARN_STRICT_PROTOTYPES = YES;
				CLANG_WARN_SUSPICIOUS_MOVE = YES;
				CLANG_WARN_UNGUARDED_AVAILABILITY = YES_AGGRESSIVE;
				CLANG_WARN_UNREACHABLE_CODE = YES;
				CLANG_WARN__DUPLICATE_METHOD_MATCH = YES;
				COPY_PHASE_STRIP = NO;
				DEBUG_INFORMATION_FORMAT = dwarf;
				ENABLE_STRICT_OBJC_MSGSEND = YES;
				ENABLE_TESTABILITY = YES;
				GCC_C_LANGUAGE_STANDARD = gnu11;
				GCC_DYNAMIC_NO_PIC = NO;
				GCC_NO_COMMON_BLOCKS = YES;
				GCC_OPTIMIZATION_LEVEL = 0;
				GCC_PREPROCESSOR_DEFINITIONS = (
					"DEBUG=1",
					"$(inherited)",
				);
				GCC_WARN_64_TO_32_BIT_CONVERSION = YES;
				GCC_WARN_ABOUT_RETURN_TYPE = YES_ERROR;
				GCC_WARN_UNDECLARED_SELECTOR = YES;
				GCC_WARN_UNINITIALIZED_AUTOS = YES_AGGRESSIVE;
				GCC_WARN_UNUSED_FUNCTION = YES;
				GCC_WARN_UNUSED_VARIABLE = YES;
				IPHONEOS_DEPLOYMENT_TARGET = 16.4;
				MTL_ENABLE_DEBUG_INFO = INCLUDE_SOURCE;
				MTL_FAST_MATH = YES;
				ONLY_ACTIVE_ARCH = YES;
				SDKROOT = iphoneos;
				SWIFT_ACTIVE_COMPILATION_CONDITIONS = DEBUG;
				SWIFT_OPTIMIZATION_LEVEL = "-Onone";
			};
			name = Debug;
		};
		1C2936922A4075B30043C632 /* Release */ = {
			isa = XCBuildConfiguration;
			buildSettings = {
				ALWAYS_SEARCH_USER_PATHS = NO;
				CLANG_ANALYZER_NONNULL = YES;
				CLANG_ANALYZER_NUMBER_OBJECT_CONVERSION = YES_AGGRESSIVE;
				CLANG_CXX_LANGUAGE_STANDARD = "gnu++20";
				CLANG_ENABLE_MODULES = YES;
				CLANG_ENABLE_OBJC_ARC = YES;
				CLANG_ENABLE_OBJC_WEAK = YES;
				CLANG_WARN_BLOCK_CAPTURE_AUTORELEASING = YES;
				CLANG_WARN_BOOL_CONVERSION = YES;
				CLANG_WARN_COMMA = YES;
				CLANG_WARN_CONSTANT_CONVERSION = YES;
				CLANG_WARN_DEPRECATED_OBJC_IMPLEMENTATIONS = YES;
				CLANG_WARN_DIRECT_OBJC_ISA_USAGE = YES_ERROR;
				CLANG_WARN_DOCUMENTATION_COMMENTS = YES;
				CLANG_WARN_EMPTY_BODY = YES;
				CLANG_WARN_ENUM_CONVERSION = YES;
				CLANG_WARN_INFINITE_RECURSION = YES;
				CLANG_WARN_INT_CONVERSION = YES;
				CLANG_WARN_NON_LITERAL_NULL_CONVERSION = YES;
				CLANG_WARN_OBJC_IMPLICIT_RETAIN_SELF = YES;
				CLANG_WARN_OBJC_LITERAL_CONVERSION = YES;
				CLANG_WARN_OBJC_ROOT_CLASS = YES_ERROR;
				CLANG_WARN_QUOTED_INCLUDE_IN_FRAMEWORK_HEADER = YES;
				CLANG_WARN_RANGE_LOOP_ANALYSIS = YES;
				CLANG_WARN_STRICT_PROTOTYPES = YES;
				CLANG_WARN_SUSPICIOUS_MOVE = YES;
				CLANG_WARN_UNGUARDED_AVAILABILITY = YES_AGGRESSIVE;
				CLANG_WARN_UNREACHABLE_CODE = YES;
				CLANG_WARN__DUPLICATE_METHOD_MATCH = YES;
				COPY_PHASE_STRIP = NO;
				DEBUG_INFORMATION_FORMAT = "dwarf-with-dsym";
				ENABLE_NS_ASSERTIONS = NO;
				ENABLE_STRICT_OBJC_MSGSEND = YES;
				GCC_C_LANGUAGE_STANDARD = gnu11;
				GCC_NO_COMMON_BLOCKS = YES;
				GCC_WARN_64_TO_32_BIT_CONVERSION = YES;
				GCC_WARN_ABOUT_RETURN_TYPE = YES_ERROR;
				GCC_WARN_UNDECLARED_SELECTOR = YES;
				GCC_WARN_UNINITIALIZED_AUTOS = YES_AGGRESSIVE;
				GCC_WARN_UNUSED_FUNCTION = YES;
				GCC_WARN_UNUSED_VARIABLE = YES;
				IPHONEOS_DEPLOYMENT_TARGET = 16.4;
				MTL_ENABLE_DEBUG_INFO = NO;
				MTL_FAST_MATH = YES;
				SDKROOT = iphoneos;
				SWIFT_COMPILATION_MODE = wholemodule;
				SWIFT_OPTIMIZATION_LEVEL = "-O";
				VALIDATE_PRODUCT = YES;
			};
			name = Release;
		};
		1C2936942A4075B30043C632 /* Debug */ = {
			isa = XCBuildConfiguration;
			buildSettings = {
				ALWAYS_EMBED_SWIFT_STANDARD_LIBRARIES = YES;
				ASSETCATALOG_COMPILER_APPICON_NAME = AppIcon;
				ASSETCATALOG_COMPILER_GLOBAL_ACCENT_COLOR_NAME = AccentColor;
				"CODE_SIGN_IDENTITY[sdk=iphoneos*]" = "iPhone Developer";
				CODE_SIGN_STYLE = Manual;
				CURRENT_PROJECT_VERSION = 1;
				DEVELOPMENT_ASSET_PATHS = "\"MyWidget/Preview Content\"";
				DEVELOPMENT_TEAM = "";
				"DEVELOPMENT_TEAM[sdk=iphoneos*]" = F56FC8LMJX;
				ENABLE_PREVIEWS = YES;
				GENERATE_INFOPLIST_FILE = YES;
				INFOPLIST_KEY_UIApplicationSceneManifest_Generation = YES;
				INFOPLIST_KEY_UIApplicationSupportsIndirectInputEvents = YES;
				INFOPLIST_KEY_UILaunchScreen_Generation = YES;
				INFOPLIST_KEY_UISupportedInterfaceOrientations_iPad = "UIInterfaceOrientationPortrait UIInterfaceOrientationPortraitUpsideDown UIInterfaceOrientationLandscapeLeft UIInterfaceOrientationLandscapeRight";
				INFOPLIST_KEY_UISupportedInterfaceOrientations_iPhone = "UIInterfaceOrientationPortrait UIInterfaceOrientationLandscapeLeft UIInterfaceOrientationLandscapeRight";
				LD_RUNPATH_SEARCH_PATHS = (
					"$(inherited)",
					"@executable_path/Frameworks",
				);
				MARKETING_VERSION = 1.0;
				PRODUCT_BUNDLE_IDENTIFIER = com.piyushsinroja.MyWidget;
				PRODUCT_NAME = "$(TARGET_NAME)";
				PROVISIONING_PROFILE_SPECIFIER = "";
				"PROVISIONING_PROFILE_SPECIFIER[sdk=iphoneos*]" = Dev_Profile_WildCard;
				SWIFT_EMIT_LOC_STRINGS = YES;
				SWIFT_VERSION = 5.0;
				TARGETED_DEVICE_FAMILY = "1,2";
			};
			name = Debug;
		};
		1C2936952A4075B30043C632 /* Release */ = {
			isa = XCBuildConfiguration;
			buildSettings = {
				ALWAYS_EMBED_SWIFT_STANDARD_LIBRARIES = YES;
				ASSETCATALOG_COMPILER_APPICON_NAME = AppIcon;
				ASSETCATALOG_COMPILER_GLOBAL_ACCENT_COLOR_NAME = AccentColor;
				"CODE_SIGN_IDENTITY[sdk=iphoneos*]" = "iPhone Developer";
				CODE_SIGN_STYLE = Manual;
				CURRENT_PROJECT_VERSION = 1;
				DEVELOPMENT_ASSET_PATHS = "\"MyWidget/Preview Content\"";
				DEVELOPMENT_TEAM = "";
				"DEVELOPMENT_TEAM[sdk=iphoneos*]" = F56FC8LMJX;
				ENABLE_PREVIEWS = YES;
				GENERATE_INFOPLIST_FILE = YES;
				INFOPLIST_KEY_UIApplicationSceneManifest_Generation = YES;
				INFOPLIST_KEY_UIApplicationSupportsIndirectInputEvents = YES;
				INFOPLIST_KEY_UILaunchScreen_Generation = YES;
				INFOPLIST_KEY_UISupportedInterfaceOrientations_iPad = "UIInterfaceOrientationPortrait UIInterfaceOrientationPortraitUpsideDown UIInterfaceOrientationLandscapeLeft UIInterfaceOrientationLandscapeRight";
				INFOPLIST_KEY_UISupportedInterfaceOrientations_iPhone = "UIInterfaceOrientationPortrait UIInterfaceOrientationLandscapeLeft UIInterfaceOrientationLandscapeRight";
				LD_RUNPATH_SEARCH_PATHS = (
					"$(inherited)",
					"@executable_path/Frameworks",
				);
				MARKETING_VERSION = 1.0;
				PRODUCT_BUNDLE_IDENTIFIER = com.piyushsinroja.MyWidget;
				PRODUCT_NAME = "$(TARGET_NAME)";
				PROVISIONING_PROFILE_SPECIFIER = "";
				"PROVISIONING_PROFILE_SPECIFIER[sdk=iphoneos*]" = Dev_Profile_WildCard;
				SWIFT_EMIT_LOC_STRINGS = YES;
				SWIFT_VERSION = 5.0;
				TARGETED_DEVICE_FAMILY = "1,2";
			};
			name = Release;
		};
		1C2936AC2A4077D30043C632 /* Debug */ = {
			isa = XCBuildConfiguration;
			buildSettings = {
				ASSETCATALOG_COMPILER_GLOBAL_ACCENT_COLOR_NAME = AccentColor;
				ASSETCATALOG_COMPILER_WIDGET_BACKGROUND_COLOR_NAME = WidgetBackground;
				CODE_SIGN_STYLE = Automatic;
				CURRENT_PROJECT_VERSION = 1;
				DEVELOPMENT_TEAM = 6Y849CPAR9;
				GENERATE_INFOPLIST_FILE = YES;
				INFOPLIST_FILE = PhotoWidget/Info.plist;
				INFOPLIST_KEY_CFBundleDisplayName = PhotoWidget;
				INFOPLIST_KEY_NSHumanReadableCopyright = "";
				LD_RUNPATH_SEARCH_PATHS = (
					"$(inherited)",
					"@executable_path/Frameworks",
					"@executable_path/../../Frameworks",
				);
				MARKETING_VERSION = 1.0;
				PRODUCT_BUNDLE_IDENTIFIER = com.techholding.MyWidget.PhotoWidget;
				PRODUCT_NAME = "$(TARGET_NAME)";
				SKIP_INSTALL = YES;
				SWIFT_EMIT_LOC_STRINGS = YES;
				SWIFT_VERSION = 5.0;
				TARGETED_DEVICE_FAMILY = "1,2";
			};
			name = Debug;
		};
		1C2936AD2A4077D30043C632 /* Release */ = {
			isa = XCBuildConfiguration;
			buildSettings = {
				ASSETCATALOG_COMPILER_GLOBAL_ACCENT_COLOR_NAME = AccentColor;
				ASSETCATALOG_COMPILER_WIDGET_BACKGROUND_COLOR_NAME = WidgetBackground;
				CODE_SIGN_STYLE = Automatic;
				CURRENT_PROJECT_VERSION = 1;
				DEVELOPMENT_TEAM = 6Y849CPAR9;
				GENERATE_INFOPLIST_FILE = YES;
				INFOPLIST_FILE = PhotoWidget/Info.plist;
				INFOPLIST_KEY_CFBundleDisplayName = PhotoWidget;
				INFOPLIST_KEY_NSHumanReadableCopyright = "";
				LD_RUNPATH_SEARCH_PATHS = (
					"$(inherited)",
					"@executable_path/Frameworks",
					"@executable_path/../../Frameworks",
				);
				MARKETING_VERSION = 1.0;
				PRODUCT_BUNDLE_IDENTIFIER = com.techholding.MyWidget.PhotoWidget;
				PRODUCT_NAME = "$(TARGET_NAME)";
				SKIP_INSTALL = YES;
				SWIFT_EMIT_LOC_STRINGS = YES;
				SWIFT_VERSION = 5.0;
				TARGETED_DEVICE_FAMILY = "1,2";
			};
			name = Release;
		};
/* End XCBuildConfiguration section */

/* Begin XCConfigurationList section */
		1C2936802A4075B20043C632 /* Build configuration list for PBXProject "MyWidget" */ = {
			isa = XCConfigurationList;
			buildConfigurations = (
				1C2936912A4075B30043C632 /* Debug */,
				1C2936922A4075B30043C632 /* Release */,
			);
			defaultConfigurationIsVisible = 0;
			defaultConfigurationName = Release;
		};
		1C2936932A4075B30043C632 /* Build configuration list for PBXNativeTarget "MyWidget" */ = {
			isa = XCConfigurationList;
			buildConfigurations = (
				1C2936942A4075B30043C632 /* Debug */,
				1C2936952A4075B30043C632 /* Release */,
			);
			defaultConfigurationIsVisible = 0;
			defaultConfigurationName = Release;
		};
		1C2936AB2A4077D30043C632 /* Build configuration list for PBXNativeTarget "PhotoWidgetExtension" */ = {
			isa = XCConfigurationList;
			buildConfigurations = (
				1C2936AC2A4077D30043C632 /* Debug */,
				1C2936AD2A4077D30043C632 /* Release */,
			);
			defaultConfigurationIsVisible = 0;
			defaultConfigurationName = Release;
		};
/* End XCConfigurationList section */
	};
	rootObject = 1C29367D2A4075B20043C632 /* Project object */;
}
